{
  "name": "@quais/rlp",
  "version": "0.1.0",
  "lockfileVersion": 3,
  "requires": true,
  "packages": {
    "": {
      "name": "@quais/rlp",
      "version": "0.1.0",
      "funding": [
        {
          "type": "individual",
          "url": "https://gitcoin.co/grants/13/ethersjs-complete-simple-and-tiny-2"
        },
        {
          "type": "individual",
          "url": "https://www.buymeacoffee.com/ricmoo"
        }
      ],
      "license": "MIT",
      "dependencies": {
        "@quais/bytes": "^0.1.0",
        "@quais/logger": "^0.1.0",
        "google-protobuf": "^3.21.2"
      },
      "devDependencies": {
        "@types/google-protobuf": "^3.15.12"
      }
    },
    "node_modules/@quais/bytes": {
      "version": "0.1.0",
      "resolved": "https://registry.npmjs.org/@quais/bytes/-/bytes-0.1.0.tgz",
      "integrity": "sha512-mCmG06gzWAmoSqVC+2nijxXpA92D2k5Ds8jBSIfiViUVRvlqPufFOyBUCQkw5qrkoeSuNtVVASR5CN7bzY1Svw==",
      "dependencies": {
        "@quais/logger": "^0.1.0"
      }
    },
    "node_modules/@quais/logger": {
      "version": "0.1.0",
      "resolved": "https://registry.npmjs.org/@quais/logger/-/logger-0.1.0.tgz",
      "integrity": "sha512-bHdg1lRjzEzghhTlkTN/2olzTuH9ju3dy43U/uYgk+TPXya7msfLkh/pZAReXEtN2Oe/nlP+0jZ9BvFwQPaPng=="
    },
    "node_modules/@types/google-protobuf": {
      "version": "3.15.12",
      "resolved": "https://registry.npmjs.org/@types/google-protobuf/-/google-protobuf-3.15.12.tgz",
      "integrity": "sha512-40um9QqwHjRS92qnOaDpL7RmDK15NuZYo9HihiJRbYkMQZlWnuH8AdvbMy8/o6lgLmKbDUKa+OALCltHdbOTpQ==",
      "dev": true
    },
    "node_modules/google-protobuf": {
      "version": "3.21.2",
      "resolved": "https://registry.npmjs.org/google-protobuf/-/google-protobuf-3.21.2.tgz",
      "integrity": "sha512-3MSOYFO5U9mPGikIYCzK0SaThypfGgS6bHqrUGXG3DPHCrb+txNqeEcns1W0lkGfk0rCyNXm7xB9rMxnCiZOoA=="
    }
  }
}
